// !$*UTF8*$!
{
	archiveVersion = 1;
	classes = {
	};
	objectVersion = 46;
	objects = {

/* Begin PBXBuildFile section */
		661404871AE681BF003020C7 /* main.m in Sources */ = {isa = PBXBuildFile; fileRef = 661404861AE681BF003020C7 /* main.m */; };
		6614048A1AE681BF003020C7 /* AppDelegate.m in Sources */ = {isa = PBXBuildFile; fileRef = 661404891AE681BF003020C7 /* AppDelegate.m */; };
		6614048D1AE681BF003020C7 /* ViewController.m in Sources */ = {isa = PBXBuildFile; fileRef = 6614048C1AE681BF003020C7 /* ViewController.m */; };
		661404901AE681BF003020C7 /* Main.storyboard in Resources */ = {isa = PBXBuildFile; fileRef = 6614048E1AE681BF003020C7 /* Main.storyboard */; };
		661404921AE681BF003020C7 /* Images.xcassets in Resources */ = {isa = PBXBuildFile; fileRef = 661404911AE681BF003020C7 /* Images.xcassets */; };
		661404951AE681BF003020C7 /* LaunchScreen.xib in Resources */ = {isa = PBXBuildFile; fileRef = 661404931AE681BF003020C7 /* LaunchScreen.xib */; };
		661404A11AE681BF003020C7 /* BullsEyeTests.m in Sources */ = {isa = PBXBuildFile; fileRef = 661404A01AE681BF003020C7 /* BullsEyeTests.m */; };
/* End PBXBuildFile section */

/* Begin PBXContainerItemProxy section */
		6614049B1AE681BF003020C7 /* PBXContainerItemProxy */ = {
			isa = PBXContainerItemProxy;
			containerPortal = 661404791AE681BF003020C7 /* Project object */;
			proxyType = 1;
			remoteGlobalIDString = 661404801AE681BF003020C7;
			remoteInfo = BullsEye;
		};
/* End PBXContainerItemProxy section */

/* Begin PBXFileReference section */
		661404811AE681BF003020C7 /* BullsEye.app */ = {isa = PBXFileReference; explicitFileType = wrapper.application; includeInIndex = 0; path = BullsEye.app; sourceTree = BUILT_PRODUCTS_DIR; };
		661404851AE681BF003020C7 /* Info.plist */ = {isa = PBXFileReference; lastKnownFileType = text.plist.xml; path = Info.plist; sourceTree = "<group>"; };
		661404861AE681BF003020C7 /* main.m */ = {isa = PBXFileReference; lastKnownFileType = sourcecode.c.objc; path = main.m; sourceTree = "<group>"; };
		661404881AE681BF003020C7 /* AppDelegate.h */ = {isa = PBXFileReference; lastKnownFileType = sourcecode.c.h; path = AppDelegate.h; sourceTree = "<group>"; };
		661404891AE681BF003020C7 /* AppDelegate.m */ = {isa = PBXFileReference; lastKnownFileType = sourcecode.c.objc; path = AppDelegate.m; sourceTree = "<group>"; };
		6614048B1AE681BF003020C7 /* ViewController.h */ = {isa = PBXFileReference; lastKnownFileType = sourcecode.c.h; path = ViewController.h; sourceTree = "<group>"; };
		6614048C1AE681BF003020C7 /* ViewController.m */ = {isa = PBXFileReference; lastKnownFileType = sourcecode.c.objc; path = ViewController.m; sourceTree = "<group>"; };
		6614048F1AE681BF003020C7 /* Base */ = {isa = PBXFileReference; lastKnownFileType = file.storyboard; name = Base; path = Base.lproj/Main.storyboard; sourceTree = "<group>"; };
		661404911AE681BF003020C7 /* Images.xcassets */ = {isa = PBXFileReference; lastKnownFileType = folder.assetcatalog; path = Images.xcassets; sourceTree = "<group>"; };
		661404941AE681BF003020C7 /* Base */ = {isa = PBXFileReference; lastKnownFileType = file.xib; name = Base; path = Base.lproj/LaunchScreen.xib; sourceTree = "<group>"; };
		6614049A1AE681BF003020C7 /* BullsEyeTests.xctest */ = {isa = PBXFileReference; explicitFileType = wrapper.cfbundle; includeInIndex = 0; path = BullsEyeTests.xctest; sourceTree = BUILT_PRODUCTS_DIR; };
		6614049F1AE681BF003020C7 /* Info.plist */ = {isa = PBXFileReference; lastKnownFileType = text.plist.xml; path = Info.plist; sourceTree = "<group>"; };
		661404A01AE681BF003020C7 /* BullsEyeTests.m */ = {isa = PBXFileReference; lastKnownFileType = sourcecode.c.objc; path = BullsEyeTests.m; sourceTree = "<group>"; };
/* End PBXFileReference section */

/* Begin PBXFrameworksBuildPhase section */
		6614047E1AE681BF003020C7 /* Frameworks */ = {
			isa = PBXFrameworksBuildPhase;
			buildActionMask = 2147483647;
			files = (
			);
			runOnlyForDeploymentPostprocessing = 0;
		};
		661404971AE681BF003020C7 /* Frameworks */ = {
			isa = PBXFrameworksBuildPhase;
			buildActionMask = 2147483647;
			files = (
			);
			runOnlyForDeploymentPostprocessing = 0;
		};
/* End PBXFrameworksBuildPhase section */

/* Begin PBXGroup section */
		661404781AE681BF003020C7 = {
			isa = PBXGroup;
			children = (
				661404831AE681BF003020C7 /* BullsEye */,
				6614049D1AE681BF003020C7 /* BullsEyeTests */,
				661404821AE681BF003020C7 /* Products */,
			);
			sourceTree = "<group>";
		};
		661404821AE681BF003020C7 /* Products */ = {
			isa = PBXGroup;
			children = (
				661404811AE681BF003020C7 /* BullsEye.app */,
				6614049A1AE681BF003020C7 /* BullsEyeTests.xctest */,
			);
			name = Products;
			sourceTree = "<group>";
		};
		661404831AE681BF003020C7 /* BullsEye */ = {
			isa = PBXGroup;
			children = (
				661404881AE681BF003020C7 /* AppDelegate.h */,
				661404891AE681BF003020C7 /* AppDelegate.m */,
				6614048B1AE681BF003020C7 /* ViewController.h */,
				6614048C1AE681BF003020C7 /* ViewController.m */,
				6614048E1AE681BF003020C7 /* Main.storyboard */,
				661404911AE681BF003020C7 /* Images.xcassets */,
				661404931AE681BF003020C7 /* LaunchScreen.xib */,
				661404841AE681BF003020C7 /* Supporting Files */,
			);
			path = BullsEye;
			sourceTree = "<group>";
		};
		661404841AE681BF003020C7 /* Supporting Files */ = {
			isa = PBXGroup;
			children = (
				661404851AE681BF003020C7 /* Info.plist */,
				661404861AE681BF003020C7 /* main.m */,
			);
			name = "Supporting Files";
			sourceTree = "<group>";
		};
		6614049D1AE681BF003020C7 /* BullsEyeTests */ = {
			isa = PBXGroup;
			children = (
				661404A01AE681BF003020C7 /* BullsEyeTests.m */,
				6614049E1AE681BF003020C7 /* Supporting Files */,
			);
			path = BullsEyeTests;
			sourceTree = "<group>";
		};
		6614049E1AE681BF003020C7 /* Supporting Files */ = {
			isa = PBXGroup;
			children = (
				6614049F1AE681BF003020C7 /* Info.plist */,
			);
			name = "Supporting Files";
			sourceTree = "<group>";
		};
/* End PBXGroup section */

/* Begin PBXNativeTarget section */
		661404801AE681BF003020C7 /* BullsEye */ = {
			isa = PBXNativeTarget;
			buildConfigurationList = 661404A41AE681BF003020C7 /* Build configuration list for PBXNativeTarget "BullsEye" */;
			buildPhases = (
				6614047D1AE681BF003020C7 /* Sources */,
				6614047E1AE681BF003020C7 /* Frameworks */,
				6614047F1AE681BF003020C7 /* Resources */,
			);
			buildRules = (
			);
			dependencies = (
			);
			name = BullsEye;
			productName = BullsEye;
			productReference = 661404811AE681BF003020C7 /* BullsEye.app */;
			productType = "com.apple.product-type.application";
		};
		661404991AE681BF003020C7 /* BullsEyeTests */ = {
			isa = PBXNativeTarget;
			buildConfigurationList = 661404A71AE681BF003020C7 /* Build configuration list for PBXNativeTarget "BullsEyeTests" */;
			buildPhases = (
				661404961AE681BF003020C7 /* Sources */,
				661404971AE681BF003020C7 /* Frameworks */,
				661404981AE681BF003020C7 /* Resources */,
			);
			buildRules = (
			);
			dependencies = (
				6614049C1AE681BF003020C7 /* PBXTargetDependency */,
			);
			name = BullsEyeTests;
			productName = BullsEyeTests;
			productReference = 6614049A1AE681BF003020C7 /* BullsEyeTests.xctest */;
			productType = "com.apple.product-type.bundle.unit-test";
		};
/* End PBXNativeTarget section */

/* Begin PBXProject section */
		661404791AE681BF003020C7 /* Project object */ = {
			isa = PBXProject;
			attributes = {
				LastUpgradeCheck = 0630;
				ORGANIZATIONNAME = "Robert Lynch Development";
				TargetAttributes = {
					661404801AE681BF003020C7 = {
						CreatedOnToolsVersion = 6.3;
					};
					661404991AE681BF003020C7 = {
						CreatedOnToolsVersion = 6.3;
						TestTargetID = 661404801AE681BF003020C7;
					};
				};
			};
			buildConfigurationList = 6614047C1AE681BF003020C7 /* Build configuration list for PBXProject "BullsEye" */;
			compatibilityVersion = "Xcode 3.2";
			developmentRegion = English;
			hasScannedForEncodings = 0;
			knownRegions = (
				en,
				Base,
			);
			mainGroup = 661404781AE681BF003020C7;
			productRefGroup = 661404821AE681BF003020C7 /* Products */;
			projectDirPath = "";
			projectRoot = "";
			targets = (
				661404801AE681BF003020C7 /* BullsEye */,
				661404991AE681BF003020C7 /* BullsEyeTests */,
			);
		};
/* End PBXProject section */

/* Begin PBXResourcesBuildPhase section */
		6614047F1AE681BF003020C7 /* Resources */ = {
			isa = PBXResourcesBuildPhase;
			buildActionMask = 2147483647;
			files = (
				661404901AE681BF003020C7 /* Main.storyboard in Resources */,
				661404951AE681BF003020C7 /* LaunchScreen.xib in Resources */,
				661404921AE681BF003020C7 /* Images.xcassets in Resources */,
			);
			runOnlyForDeploymentPostprocessing = 0;
		};
		661404981AE681BF003020C7 /* Resources */ = {
			isa = PBXResourcesBuildPhase;
			buildActionMask = 2147483647;
			files = (
			);
			runOnlyForDeploymentPostprocessing = 0;
		};
/* End PBXResourcesBuildPhase section */

/* Begin PBXSourcesBuildPhase section */
		6614047D1AE681BF003020C7 /* Sources */ = {
			isa = PBXSourcesBuildPhase;
			buildActionMask = 2147483647;
			files = (
				6614048D1AE681BF003020C7 /* ViewController.m in Sources */,
				6614048A1AE681BF003020C7 /* AppDelegate.m in Sources */,
				661404871AE681BF003020C7 /* main.m in Sources */,
			);
			runOnlyForDeploymentPostprocessing = 0;
		};
		661404961AE681BF003020C7 /* Sources */ = {
			isa = PBXSourcesBuildPhase;
			buildActionMask = 2147483647;
			files = (
				661404A11AE681BF003020C7 /* BullsEyeTests.m in Sources */,
			);
			runOnlyForDeploymentPostprocessing = 0;
		};
/* End PBXSourcesBuildPhase section */

/* Begin PBXTargetDependency section */
		6614049C1AE681BF003020C7 /* PBXTargetDependency */ = {
			isa = PBXTargetDependency;
			target = 661404801AE681BF003020C7 /* BullsEye */;
			targetProxy = 6614049B1AE681BF003020C7 /* PBXContainerItemProxy */;
		};
/* End PBXTargetDependency section */

/* Begin PBXVariantGroup section */
		6614048E1AE681BF003020C7 /* Main.storyboard */ = {
			isa = PBXVariantGroup;
			children = (
				6614048F1AE681BF003020C7 /* Base */,
			);
			name = Main.storyboard;
			sourceTree = "<group>";
		};
		661404931AE681BF003020C7 /* LaunchScreen.xib */ = {
			isa = PBXVariantGroup;
			children = (
				661404941AE681BF003020C7 /* Base */,
			);
			name = LaunchScreen.xib;
			sourceTree = "<group>";
		};
/* End PBXVariantGroup section */

/* Begin XCBuildConfiguration section */
		661404A21AE681BF003020C7 /* Debug */ = {
			isa = XCBuildConfiguration;
			buildSettings = {
				ALWAYS_SEARCH_USER_PATHS = NO;
				CLANG_CXX_LANGUAGE_STANDARD = "gnu++0x";
				CLANG_CXX_LIBRARY = "libc++";
				CLANG_ENABLE_MODULES = YES;
				CLANG_ENABLE_OBJC_ARC = YES;
				CLANG_WARN_BOOL_CONVERSION = YES;
				CLANG_WARN_CONSTANT_CONVERSION = YES;
				CLANG_WARN_DIRECT_OBJC_ISA_USAGE = YES_ERROR;
				CLANG_WARN_EMPTY_BODY = YES;
				CLANG_WARN_ENUM_CONVERSION = YES;
				CLANG_WARN_INT_CONVERSION = YES;
				CLANG_WARN_OBJC_ROOT_CLASS = YES_ERROR;
				CLANG_WARN_UNREACHABLE_CODE = YES;
				CLANG_WARN__DUPLICATE_METHOD_MATCH = YES;
				"CODE_SIGN_IDENTITY[sdk=iphoneos*]" = "iPhone Developer";
				COPY_PHASE_STRIP = NO;
				DEBUG_INFORMATION_FORMAT = "dwarf-with-dsym";
				ENABLE_STRICT_OBJC_MSGSEND = YES;
				GCC_C_LANGUAGE_STANDARD = gnu99;
				GCC_DYNAMIC_NO_PIC = NO;
				GCC_NO_COMMON_BLOCKS = YES;
				GCC_OPTIMIZATION_LEVEL = 0;
				GCC_PREPROCESSOR_DEFINITIONS = (
					"DEBUG=1",
					"$(inherited)",
				);
				GCC_SYMBOLS_PRIVATE_EXTERN = NO;
				GCC_WARN_64_TO_32_BIT_CONVERSION = YES;
				GCC_WARN_ABOUT_RETURN_TYPE = YES_ERROR;
				GCC_WARN_UNDECLARED_SELECTOR = YES;
				GCC_WARN_UNINITIALIZED_AUTOS = YES_AGGRESSIVE;
				GCC_WARN_UNUSED_FUNCTION = YES;
				GCC_WARN_UNUSED_VARIABLE = YES;
				IPHONEOS_DEPLOYMENT_TARGET = 8.3;
				MTL_ENABLE_DEBUG_INFO = YES;
				ONLY_ACTIVE_ARCH = YES;
				SDKROOT = iphoneos;
				TARGETED_DEVICE_FAMILY = 2;
			};
			name = Debug;
		};
		661404A31AE681BF003020C7 /* Release */ = {
			isa = XCBuildConfiguration;
			buildSettings = {
				ALWAYS_SEARCH_USER_PATHS = NO;
				CLANG_CXX_LANGUAGE_STANDARD = "gnu++0x";
				CLANG_CXX_LIBRARY = "libc++";
				CLANG_ENABLE_MODULES = YES;
				CLANG_ENABLE_OBJC_ARC = YES;
				CLANG_WARN_BOOL_CONVERSION = YES;
				CLANG_WARN_CONSTANT_CONVERSION = YES;
				CLANG_WARN_DIRECT_OBJC_ISA_USAGE = YES_ERROR;
				CLANG_WARN_EMPTY_BODY = YES;
				CLANG_WARN_ENUM_CONVERSION = YES;
				CLANG_WARN_INT_CONVERSION = YES;
				CLANG_WARN_OBJC_ROOT_CLASS = YES_ERROR;
				CLANG_WARN_UNREACHABLE_CODE = YES;
				CLANG_WARN__DUPLICATE_METHOD_MATCH = YES;
				"CODE_SIGN_IDENTITY[sdk=iphoneos*]" = "iPhone Developer";
				COPY_PHASE_STRIP = NO;
				DEBUG_INFORMATION_FORMAT = "dwarf-with-dsym";
				ENABLE_NS_ASSERTIONS = NO;
				ENABLE_STRICT_OBJC_MSGSEND = YES;
				GCC_C_LANGUAGE_STANDARD = gnu99;
				GCC_NO_COMMON_BLOCKS = YES;
				GCC_WARN_64_TO_32_BIT_CONVERSION = YES;
				GCC_WARN_ABOUT_RETURN_TYPE = YES_ERROR;
				GCC_WARN_UNDECLARED_SELECTOR = YES;
				GCC_WARN_UNINITIALIZED_AUTOS = YES_AGGRESSIVE;
				GCC_WARN_UNUSED_FUNCTION = YES;
				GCC_WARN_UNUSED_VARIABLE = YES;
				IPHONEOS_DEPLOYMENT_TARGET = 8.3;
				MTL_ENABLE_DEBUG_INFO = NO;
				SDKROOT = iphoneos;
				TARGETED_DEVICE_FAMILY = 2;
				VALIDATE_PRODUCT = YES;
			};
			name = Release;
		};
		661404A51AE681BF003020C7 /* Debug */ = {
			isa = XCBuildConfiguration;
			buildSettings = {
				ASSETCATALOG_COMPILER_APPICON_NAME = AppIcon;
				INFOPLIST_FILE = BullsEye/Info.plist;
				LD_RUNPATH_SEARCH_PATHS = "$(inherited) @executable_path/Frameworks";
				PRODUCT_NAME = "$(TARGET_NAME)";
			};
			name = Debug;
		};
		661404A61AE681BF003020C7 /* Release */ = {
			isa = XCBuildConfiguration;
			buildSettings = {
				ASSETCATALOG_COMPILER_APPICON_NAME = AppIcon;
				INFOPLIST_FILE = BullsEye/Info.plist;
				LD_RUNPATH_SEARCH_PATHS = "$(inherited) @executable_path/Frameworks";
				PRODUCT_NAME = "$(TARGET_NAME)";
			};
			name = Release;
		};
		661404A81AE681BF003020C7 /* Debug */ = {
			isa = XCBuildConfiguration;
			buildSettings = {
				BUNDLE_LOADER = "$(TEST_HOST)";
				FRAMEWORK_SEARCH_PATHS = (
					"$(SDKROOT)/Developer/Library/Frameworks",
					"$(inherited)",
				);
				GCC_PREPROCESSOR_DEFINITIONS = (
					"DEBUG=1",
					"$(inherited)",
				);
				INFOPLIST_FILE = BullsEyeTests/Info.plist;
				LD_RUNPATH_SEARCH_PATHS = "$(inherited) @executable_path/Frameworks @loader_path/Frameworks";
				PRODUCT_NAME = "$(TARGET_NAME)";
				TEST_HOST = "$(BUILT_PRODUCTS_DIR)/BullsEye.app/BullsEye";
			};
			name = Debug;
		};
		661404A91AE681BF003020C7 /* Release */ = {
			isa = XCBuildConfiguration;
			buildSettings = {
				BUNDLE_LOADER = "$(TEST_HOST)";
				FRAMEWORK_SEARCH_PATHS = (
					"$(SDKROOT)/Developer/Library/Frameworks",
					"$(inherited)",
				);
				INFOPLIST_FILE = BullsEyeTests/Info.plist;
				LD_RUNPATH_SEARCH_PATHS = "$(inherited) @executable_path/Frameworks @loader_path/Frameworks";
				PRODUCT_NAME = "$(TARGET_NAME)";
				TEST_HOST = "$(BUILT_PRODUCTS_DIR)/BullsEye.app/BullsEye";
			};
			name = Release;
		};
/* End XCBuildConfiguration section */

/* Begin XCConfigurationList section */
		6614047C1AE681BF003020C7 /* Build configuration list for PBXProject "BullsEye" */ = {
			isa = XCConfigurationList;
			buildConfigurations = (
				661404A21AE681BF003020C7 /* Debug */,
				661404A31AE681BF003020C7 /* Release */,
			);
			defaultConfigurationIsVisible = 0;
			defaultConfigurationName = Release;
		};
		661404A41AE681BF003020C7 /* Build configuration list for PBXNativeTarget "BullsEye" */ = {
			isa = XCConfigurationList;
			buildConfigurations = (
				661404A51AE681BF003020C7 /* Debug */,
				661404A61AE681BF003020C7 /* Release */,
			);
			defaultConfigurationIsVisible = 0;
			defaultConfigurationName = Release;
		};
		661404A71AE681BF003020C7 /* Build configuration list for PBXNativeTarget "BullsEyeTests" */ = {
			isa = XCConfigurationList;
			buildConfigurations = (
				661404A81AE681BF003020C7 /* Debug */,
				661404A91AE681BF003020C7 /* Release */,
			);
			defaultConfigurationIsVisible = 0;
			defaultConfigurationName = Release;
		};
/* End XCConfigurationList section */
	};
	rootObject = 661404791AE681BF003020C7 /* Project object */;
}
